
Microsoft Visual Studio Solution File, Format Version 12.00
# Visual Studio 15
VisualStudioVersion = 15.0.28307.539
MinimumVisualStudioVersion = 10.0.40219.1
Project("{FAE04EC0-301F-11D3-BF4B-00C04F79EFBC}") = "ToteBetting.BL", "ToteBetting.BL\ToteBetting.BL.csproj", "{E5716BFF-3D4C-40C5-B3E8-CC824828F8C2}"
EndProject
Project("{FAE04EC0-301F-11D3-BF4B-00C04F79EFBC}") = "ToteBetting.PL", "ToteBetting.PL\ToteBetting.PL.csproj", "{338DB322-C7CF-40BB-9F92-DA448C11762C}"
EndProject
Project("{FAE04EC0-301F-11D3-BF4B-00C04F79EFBC}") = "ToteBetting.UnitTest", "ToteBetting.UnitTest\ToteBetting.UnitTest.csproj", "{63EB33A3-D2C3-413B-8FF8-F53E7A80FBA6}"
EndProject
Project("{FAE04EC0-301F-11D3-BF4B-00C04F79EFBC}") = "ToteBetting.DL", "ToteBetting.DL\ToteBetting.DL.csproj", "{DE5ED7B3-FAF7-4ADC-BD34-6BD3E2B1C6CA}"
EndProject
Global
	GlobalSection(SolutionConfigurationPlatforms) = preSolution
		Debug|Any CPU = Debug|Any CPU
		Release|Any CPU = Release|Any CPU
	EndGlobalSection
	GlobalSection(ProjectConfigurationPlatforms) = postSolution
		{E5716BFF-3D4C-40C5-B3E8-CC824828F8C2}.Debug|Any CPU.ActiveCfg = Debug|Any CPU
		{E5716BFF-3D4C-40C5-B3E8-CC824828F8C2}.Debug|Any CPU.Build.0 = Debug|Any CPU
		{E5716BFF-3D4C-40C5-B3E8-CC824828F8C2}.Release|Any CPU.ActiveCfg = Release|Any CPU
		{E5716BFF-3D4C-40C5-B3E8-CC824828F8C2}.Release|Any CPU.Build.0 = Release|Any CPU
		{338DB322-C7CF-40BB-9F92-DA448C11762C}.Debug|Any CPU.ActiveCfg = Debug|Any CPU
		{338DB322-C7CF-40BB-9F92-DA448C11762C}.Debug|Any CPU.Build.0 = Debug|Any CPU
		{338DB322-C7CF-40BB-9F92-DA448C11762C}.Release|Any CPU.ActiveCfg = Release|Any CPU
		{338DB322-C7CF-40BB-9F92-DA448C11762C}.Release|Any CPU.Build.0 = Release|Any CPU
		{63EB33A3-D2C3-413B-8FF8-F53E7A80FBA6}.Debug|Any CPU.ActiveCfg = Debug|Any CPU
		{63EB33A3-D2C3-413B-8FF8-F53E7A80FBA6}.Debug|Any CPU.Build.0 = Debug|Any CPU
		{63EB33A3-D2C3-413B-8FF8-F53E7A80FBA6}.Release|Any CPU.ActiveCfg = Release|Any CPU
		{63EB33A3-D2C3-413B-8FF8-F53E7A80FBA6}.Release|Any CPU.Build.0 = Release|Any CPU
		{DE5ED7B3-FAF7-4ADC-BD34-6BD3E2B1C6CA}.Debug|Any CPU.ActiveCfg = Debug|Any CPU
		{DE5ED7B3-FAF7-4ADC-BD34-6BD3E2B1C6CA}.Debug|Any CPU.Build.0 = Debug|Any CPU
		{DE5ED7B3-FAF7-4ADC-BD34-6BD3E2B1C6CA}.Release|Any CPU.ActiveCfg = Release|Any CPU
		{DE5ED7B3-FAF7-4ADC-BD34-6BD3E2B1C6CA}.Release|Any CPU.Build.0 = Release|Any CPU
	EndGlobalSection
	GlobalSection(SolutionProperties) = preSolution
		HideSolutionNode = FALSE
	EndGlobalSection
	GlobalSection(ExtensibilityGlobals) = postSolution
		SolutionGuid = {465F24EB-DB50-4DEB-BEC7-0A719CEE5C00}
	EndGlobalSection
EndGlobal
